
Microsoft Visual Studio Solution File, Format Version 12.00
# Visual Studio Version 17
VisualStudioVersion = 17.14.36804.6
MinimumVisualStudioVersion = 10.0.40219.1
Project("{FAE04EC0-301F-11D3-BF4B-00C04F79EFBC}") = "GrpcServer", "GrpcServer\GrpcServer.csproj", "{E574B808-F860-4717-8B48-D979E279C9C5}"
EndProject
Project("{FAE04EC0-301F-11D3-BF4B-00C04F79EFBC}") = "GrpcClient", "GrpcClient\GrpcClient.csproj", "{3C401528-1659-43D8-B6CF-2A74B20CA6FA}"
EndProject
Project("{2150E333-8FDC-42A3-9474-1A3956D46DE8}") = "Protos", "Protos", "{02EA681E-C7D8-13C7-8484-4AC65E1B71E8}"
	ProjectSection(SolutionItems) = preProject
		Protos\greet.proto = Protos\greet.proto
	EndProjectSection
EndProject
Global
	GlobalSection(SolutionConfigurationPlatforms) = preSolution
		Debug|Any CPU = Debug|Any CPU
		Release|Any CPU = Release|Any CPU
	EndGlobalSection
	GlobalSection(ProjectConfigurationPlatforms) = postSolution
		{E574B808-F860-4717-8B48-D979E279C9C5}.Debug|Any CPU.ActiveCfg = Debug|Any CPU
		{E574B808-F860-4717-8B48-D979E279C9C5}.Debug|Any CPU.Build.0 = Debug|Any CPU
		{E574B808-F860-4717-8B48-D979E279C9C5}.Release|Any CPU.ActiveCfg = Release|Any CPU
		{E574B808-F860-4717-8B48-D979E279C9C5}.Release|Any CPU.Build.0 = Release|Any CPU
		{3C401528-1659-43D8-B6CF-2A74B20CA6FA}.Debug|Any CPU.ActiveCfg = Debug|Any CPU
		{3C401528-1659-43D8-B6CF-2A74B20CA6FA}.Debug|Any CPU.Build.0 = Debug|Any CPU
		{3C401528-1659-43D8-B6CF-2A74B20CA6FA}.Release|Any CPU.ActiveCfg = Release|Any CPU
		{3C401528-1659-43D8-B6CF-2A74B20CA6FA}.Release|Any CPU.Build.0 = Release|Any CPU
	EndGlobalSection
	GlobalSection(SolutionProperties) = preSolution
		HideSolutionNode = FALSE
	EndGlobalSection
	GlobalSection(ExtensibilityGlobals) = postSolution
		SolutionGuid = {B07D77C3-F923-4BB7-BCF5-DAA7B25BBB5E}
	EndGlobalSection
EndGlobal
